# This file is autogenerated, do not edit; changes may be undone by the next 'dep ensure'.


[[projects]]
  digest = "1:9f3b30d9f8e0d7040f729b82dcbc8f0dead820a133b3147ce355fc451f32d761"
  name = "github.com/BurntSushi/toml"
  packages = ["."]
  pruneopts = "UT"
  revision = "3012a1dbe2e4bd1391d42b32f0577cb7bbc7f005"
  version = "v0.3.1"

[[projects]]
  digest = "1:0a21f34cd26e93d45079da387839d450971977b3541a912d38a9ba3ea2325f14"
  name = "github.com/parkingwang/go-conf"
  packages = ["."]
  pruneopts = "UT"
  revision = "70ac5af29799fa33ec8a3f00c8d8dc098b4c2694"
  version = "v3.1.0"

[[projects]]
  digest = "1:a073c2dd83aa92060bd5b551e3a19a40f8e24d4aaa7e7da767ee9c69f07b533a"
  name = "github.com/rs/zerolog"
  packages = [
    ".",
    "internal/cbor",
    "internal/json",
    "log",
  ]
  pruneopts = "UT"
  revision = "8747b7b3a51b5d08ee7ac50eaf4869edaf9f714a"
  version = "v1.11.0"

[solve-meta]
  analyzer-name = "dep"
  analyzer-version = 1
  input-imports = [
    "github.com/parkingwang/go-conf",
    "github.com/rs/zerolog",
    "github.com/rs/zerolog/log",
  ]
  solver-name = "gps-cdcl"
  solver-version = 1
